
Microsoft Visual Studio Solution File, Format Version 12.00
# Visual Studio 2013
VisualStudioVersion = 12.0.31101.0
MinimumVisualStudioVersion = 10.0.40219.1
Project("{FAE04EC0-301F-11D3-BF4B-00C04F79EFBC}") = "Peco.FluentJTokenParser", "Peco.FluentJTokenParser.csproj", "{2F9B5137-6D67-492B-A776-494F53BB70BE}"
EndProject
Project("{FAE04EC0-301F-11D3-BF4B-00C04F79EFBC}") = "Peco.FluentJTokenParser.Tests", "..\Peco.FluentJTokenParser.Tests\Peco.FluentJTokenParser.Tests.csproj", "{498BB772-14CD-44AE-9A5D-C61B338906BA}"
EndProject
Global
	GlobalSection(SolutionConfigurationPlatforms) = preSolution
		Debug|Any CPU = Debug|Any CPU
		Release|Any CPU = Release|Any CPU
	EndGlobalSection
	GlobalSection(ProjectConfigurationPlatforms) = postSolution
		{2F9B5137-6D67-492B-A776-494F53BB70BE}.Debug|Any CPU.ActiveCfg = Debug|Any CPU
		{2F9B5137-6D67-492B-A776-494F53BB70BE}.Debug|Any CPU.Build.0 = Debug|Any CPU
		{2F9B5137-6D67-492B-A776-494F53BB70BE}.Release|Any CPU.ActiveCfg = Release|Any CPU
		{2F9B5137-6D67-492B-A776-494F53BB70BE}.Release|Any CPU.Build.0 = Release|Any CPU
		{498BB772-14CD-44AE-9A5D-C61B338906BA}.Debug|Any CPU.ActiveCfg = Debug|Any CPU
		{498BB772-14CD-44AE-9A5D-C61B338906BA}.Debug|Any CPU.Build.0 = Debug|Any CPU
		{498BB772-14CD-44AE-9A5D-C61B338906BA}.Release|Any CPU.ActiveCfg = Release|Any CPU
		{498BB772-14CD-44AE-9A5D-C61B338906BA}.Release|Any CPU.Build.0 = Release|Any CPU
	EndGlobalSection
	GlobalSection(SolutionProperties) = preSolution
		HideSolutionNode = FALSE
	EndGlobalSection
EndGlobal
